
Microsoft Visual Studio Solution File, Format Version 12.00
# Visual Studio 14
VisualStudioVersion = 14.0.25420.1
MinimumVisualStudioVersion = 10.0.40219.1
Project("{2150E333-8FDC-42A3-9474-1A3956D46DE8}") = "src", "src", "{40D6088A-F29F-47D4-8985-A91F1BDD675F}"
EndProject
Project("{2150E333-8FDC-42A3-9474-1A3956D46DE8}") = "Solution Items", "Solution Items", "{495EB534-0B9D-4C93-8027-74DE1B19A28F}"
	ProjectSection(SolutionItems) = preProject
		global.json = global.json
	EndProjectSection
EndProject
Project("{8BB2217D-0F2D-49D1-97BC-3654ED321F3B}") = "Web", "src\Web\Web.xproj", "{1C460235-1EE5-4EEE-A7D9-6BCA5D3F8D9A}"
EndProject
Project("{8BB2217D-0F2D-49D1-97BC-3654ED321F3B}") = "Web.Application", "src\Web.Application\Web.Application.xproj", "{0E9BBA2B-CCC6-4BAC-B196-CD5188864AF0}"
EndProject
Project("{2150E333-8FDC-42A3-9474-1A3956D46DE8}") = "Infrastructure", "Infrastructure", "{5854AB4F-5B8E-44E5-A556-6B8071F9D67B}"
EndProject
Project("{8BB2217D-0F2D-49D1-97BC-3654ED321F3B}") = "Infrastructure.Web", "src\Infrastructure\Infrastructure.Web\Infrastructure.Web.xproj", "{18639B91-4109-462B-B8F3-33EC53DBC1E2}"
EndProject
Project("{8BB2217D-0F2D-49D1-97BC-3654ED321F3B}") = "Infrastructure.Integrations", "src\Infrastructure\Infrastructure.Integrations\Infrastructure.Integrations.xproj", "{CEAD57E7-4333-444A-94BB-8F6F0AC4D141}"
EndProject
Project("{2150E333-8FDC-42A3-9474-1A3956D46DE8}") = "test", "test", "{082958EE-F85C-4938-9BD7-6C775C949794}"
EndProject
Project("{8BB2217D-0F2D-49D1-97BC-3654ED321F3B}") = "Web.Tests", "test\Web.Tests\Web.Tests.xproj", "{71F73592-A3DD-446F-BF17-2F17E8D73B7D}"
EndProject
Project("{8BB2217D-0F2D-49D1-97BC-3654ED321F3B}") = "Web.Client", "src\Web.Client\Web.Client.xproj", "{158D6365-9477-4CB2-95A9-574A6C8827B6}"
EndProject
Global
	GlobalSection(SolutionConfigurationPlatforms) = preSolution
		Debug|Any CPU = Debug|Any CPU
		Release|Any CPU = Release|Any CPU
	EndGlobalSection
	GlobalSection(ProjectConfigurationPlatforms) = postSolution
		{1C460235-1EE5-4EEE-A7D9-6BCA5D3F8D9A}.Debug|Any CPU.ActiveCfg = Debug|Any CPU
		{1C460235-1EE5-4EEE-A7D9-6BCA5D3F8D9A}.Debug|Any CPU.Build.0 = Debug|Any CPU
		{1C460235-1EE5-4EEE-A7D9-6BCA5D3F8D9A}.Release|Any CPU.ActiveCfg = Release|Any CPU
		{1C460235-1EE5-4EEE-A7D9-6BCA5D3F8D9A}.Release|Any CPU.Build.0 = Release|Any CPU
		{0E9BBA2B-CCC6-4BAC-B196-CD5188864AF0}.Debug|Any CPU.ActiveCfg = Debug|Any CPU
		{0E9BBA2B-CCC6-4BAC-B196-CD5188864AF0}.Debug|Any CPU.Build.0 = Debug|Any CPU
		{0E9BBA2B-CCC6-4BAC-B196-CD5188864AF0}.Release|Any CPU.ActiveCfg = Release|Any CPU
		{0E9BBA2B-CCC6-4BAC-B196-CD5188864AF0}.Release|Any CPU.Build.0 = Release|Any CPU
		{18639B91-4109-462B-B8F3-33EC53DBC1E2}.Debug|Any CPU.ActiveCfg = Debug|Any CPU
		{18639B91-4109-462B-B8F3-33EC53DBC1E2}.Debug|Any CPU.Build.0 = Debug|Any CPU
		{18639B91-4109-462B-B8F3-33EC53DBC1E2}.Release|Any CPU.ActiveCfg = Release|Any CPU
		{18639B91-4109-462B-B8F3-33EC53DBC1E2}.Release|Any CPU.Build.0 = Release|Any CPU
		{CEAD57E7-4333-444A-94BB-8F6F0AC4D141}.Debug|Any CPU.ActiveCfg = Debug|Any CPU
		{CEAD57E7-4333-444A-94BB-8F6F0AC4D141}.Debug|Any CPU.Build.0 = Debug|Any CPU
		{CEAD57E7-4333-444A-94BB-8F6F0AC4D141}.Release|Any CPU.ActiveCfg = Release|Any CPU
		{CEAD57E7-4333-444A-94BB-8F6F0AC4D141}.Release|Any CPU.Build.0 = Release|Any CPU
		{71F73592-A3DD-446F-BF17-2F17E8D73B7D}.Debug|Any CPU.ActiveCfg = Debug|Any CPU
		{71F73592-A3DD-446F-BF17-2F17E8D73B7D}.Debug|Any CPU.Build.0 = Debug|Any CPU
		{71F73592-A3DD-446F-BF17-2F17E8D73B7D}.Release|Any CPU.ActiveCfg = Release|Any CPU
		{71F73592-A3DD-446F-BF17-2F17E8D73B7D}.Release|Any CPU.Build.0 = Release|Any CPU
		{158D6365-9477-4CB2-95A9-574A6C8827B6}.Debug|Any CPU.ActiveCfg = Debug|Any CPU
		{158D6365-9477-4CB2-95A9-574A6C8827B6}.Debug|Any CPU.Build.0 = Debug|Any CPU
		{158D6365-9477-4CB2-95A9-574A6C8827B6}.Release|Any CPU.ActiveCfg = Release|Any CPU
		{158D6365-9477-4CB2-95A9-574A6C8827B6}.Release|Any CPU.Build.0 = Release|Any CPU
	EndGlobalSection
	GlobalSection(SolutionProperties) = preSolution
		HideSolutionNode = FALSE
	EndGlobalSection
	GlobalSection(NestedProjects) = preSolution
		{1C460235-1EE5-4EEE-A7D9-6BCA5D3F8D9A} = {40D6088A-F29F-47D4-8985-A91F1BDD675F}
		{0E9BBA2B-CCC6-4BAC-B196-CD5188864AF0} = {40D6088A-F29F-47D4-8985-A91F1BDD675F}
		{5854AB4F-5B8E-44E5-A556-6B8071F9D67B} = {40D6088A-F29F-47D4-8985-A91F1BDD675F}
		{18639B91-4109-462B-B8F3-33EC53DBC1E2} = {5854AB4F-5B8E-44E5-A556-6B8071F9D67B}
		{CEAD57E7-4333-444A-94BB-8F6F0AC4D141} = {5854AB4F-5B8E-44E5-A556-6B8071F9D67B}
		{71F73592-A3DD-446F-BF17-2F17E8D73B7D} = {082958EE-F85C-4938-9BD7-6C775C949794}
		{158D6365-9477-4CB2-95A9-574A6C8827B6} = {40D6088A-F29F-47D4-8985-A91F1BDD675F}
	EndGlobalSection
EndGlobal
