
Microsoft Visual Studio Solution File, Format Version 12.00
# Visual Studio 15
VisualStudioVersion = 15.0.26228.4
MinimumVisualStudioVersion = 10.0.40219.1
Project("{2150E333-8FDC-42A3-9474-1A3956D46DE8}") = "src", "src", "{DE1BE141-BE1D-4C36-BF58-E4747EE33A30}"
EndProject
Project("{2150E333-8FDC-42A3-9474-1A3956D46DE8}") = "Solution Items", "Solution Items", "{AD1BE457-3E79-406B-9DB1-62AB74E17463}"
EndProject
Project("{2150E333-8FDC-42A3-9474-1A3956D46DE8}") = "Infrastructure", "Infrastructure", "{DB312248-D325-4521-8EE6-852CD9B44CAA}"
EndProject
Project("{2150E333-8FDC-42A3-9474-1A3956D46DE8}") = "test", "test", "{47FA2CFA-AE7F-4DC7-8C8A-965FB2FA12EE}"
EndProject
Project("{2150E333-8FDC-42A3-9474-1A3956D46DE8}") = "Infrastructure", "Infrastructure", "{E5F0B27F-A8E8-4EA5-A319-844261448637}"
EndProject
Project("{9A19103F-16F7-4668-BE54-9A1E7A4F7556}") = "Web", "src\Infrastructure\Web\Web.csproj", "{831E01BC-F4F2-44E3-AE5B-A171F4A028CE}"
EndProject
Project("{9A19103F-16F7-4668-BE54-9A1E7A4F7556}") = "Web.Testing", "src\Infrastructure\Web.Testing\Web.Testing.csproj", "{0AC5E1D6-4913-4A67-AC7E-E4E691E25013}"
EndProject
Project("{9A19103F-16F7-4668-BE54-9A1E7A4F7556}") = "Web", "src\Web\Web.csproj", "{1CA80F6C-0261-4A43-BF96-D15E372FBDA3}"
EndProject
Project("{9A19103F-16F7-4668-BE54-9A1E7A4F7556}") = "Web.Application", "src\Web.Application\Web.Application.csproj", "{5F5403FC-219B-4D72-AF7E-2BF4E26F9EC4}"
EndProject
Project("{9A19103F-16F7-4668-BE54-9A1E7A4F7556}") = "Web.Client", "src\Web.Client\Web.Client.csproj", "{1EB8CDD8-C701-4B90-A766-7A9E660E2278}"
EndProject
Project("{9A19103F-16F7-4668-BE54-9A1E7A4F7556}") = "Web.Tests", "test\Web.Tests\Web.Tests.csproj", "{F3E20831-A3B5-4C08-95C8-E84F5858B0C7}"
EndProject
Project("{9A19103F-16F7-4668-BE54-9A1E7A4F7556}") = "Web.Serialization", "src\Infrastructure\Web.Serialization\Web.Serialization.csproj", "{5F47AC99-30AD-4532-B995-610B16AE02B8}"
EndProject
Project("{9A19103F-16F7-4668-BE54-9A1E7A4F7556}") = "Web.Conventions", "src\Infrastructure\Web.Conventions\Web.Conventions.csproj", "{9642F6C1-0856-453B-9DF9-56EC85646C2E}"
EndProject
Project("{9A19103F-16F7-4668-BE54-9A1E7A4F7556}") = "Common", "src\Infrastructure\Common\Common.csproj", "{EFABFABD-CF84-4E2F-BEA8-8D65634A1DE2}"
EndProject
Project("{9A19103F-16F7-4668-BE54-9A1E7A4F7556}") = "Web.Integration", "src\Infrastructure\Web.Integration\Web.Integration.csproj", "{16C98CE8-B101-45A5-AE34-31069CB8A72E}"
EndProject
Project("{9A19103F-16F7-4668-BE54-9A1E7A4F7556}") = "Dapper", "src\Infrastructure\Dapper\Dapper.csproj", "{37B9A0ED-A83C-4137-A025-1DF8B22D0714}"
EndProject
Project("{9A19103F-16F7-4668-BE54-9A1E7A4F7556}") = "Dapper.Tests", "test\Infrastructure\Dapper.Tests\Dapper.Tests.csproj", "{39C07ECC-CCBB-4072-BC29-323E36814697}"
EndProject
Project("{9A19103F-16F7-4668-BE54-9A1E7A4F7556}") = "CQRS.Abstractions", "src\Infrastructure\CQRS.Abstractions\CQRS.Abstractions.csproj", "{10C7DFFA-961C-4332-9C98-7AD1D8C6CCE2}"
EndProject
Project("{9A19103F-16F7-4668-BE54-9A1E7A4F7556}") = "CQRS.Implementations", "src\Infrastructure\CQRS.Implementations\CQRS.Implementations.csproj", "{9FB49689-0FC3-47E5-B349-E970B82D4EF7}"
EndProject
Project("{9A19103F-16F7-4668-BE54-9A1E7A4F7556}") = "CQRS.Implementations.Tests", "test\Infrastructure\CQRS.Implementations.Tests\CQRS.Implementations.Tests.csproj", "{454A5A21-3196-46E6-83E4-E77F69115E52}"
EndProject
Project("{9A19103F-16F7-4668-BE54-9A1E7A4F7556}") = "Web.DataAccess", "src\Web.DataAccess\Web.DataAccess.csproj", "{13F2AAC7-AF9D-4E1A-AC2D-86B011ED4450}"
EndProject
Project("{9A19103F-16F7-4668-BE54-9A1E7A4F7556}") = "Web.Domain", "src\Web.Domain\Web.Domain.csproj", "{26CBA7C3-0483-4D51-892B-94792C44183E}"
EndProject
Project("{9A19103F-16F7-4668-BE54-9A1E7A4F7556}") = "Common.Tests", "test\Infrastructure\Common.Tests\Common.Tests.csproj", "{A65EA381-07DC-4893-88EE-3E2AE7AF35F1}"
EndProject
Project("{9A19103F-16F7-4668-BE54-9A1E7A4F7556}") = "Web.Tests", "test\Infrastructure\Web.Tests\Web.Tests.csproj", "{5977FCE6-4904-4C24-9991-4FE7A53DB8D5}"
EndProject
Project("{9A19103F-16F7-4668-BE54-9A1E7A4F7556}") = "Web.Authentication", "src\Infrastructure\Web.Authentication\Web.Authentication.csproj", "{B77B31A5-4760-488B-9ED0-B97EC8E13DF6}"
EndProject
Project("{9A19103F-16F7-4668-BE54-9A1E7A4F7556}") = "Web.Authentication.Tests", "test\Infrastructure\Web.Authentication.Tests\Web.Authentication.Tests.csproj", "{EB09EF4B-A08A-43F4-A9FA-502D0E7A8FC7}"
EndProject
Global
	GlobalSection(SolutionConfigurationPlatforms) = preSolution
		Debug|Any CPU = Debug|Any CPU
		Release|Any CPU = Release|Any CPU
	EndGlobalSection
	GlobalSection(ProjectConfigurationPlatforms) = postSolution
		{831E01BC-F4F2-44E3-AE5B-A171F4A028CE}.Debug|Any CPU.ActiveCfg = Debug|Any CPU
		{831E01BC-F4F2-44E3-AE5B-A171F4A028CE}.Debug|Any CPU.Build.0 = Debug|Any CPU
		{831E01BC-F4F2-44E3-AE5B-A171F4A028CE}.Release|Any CPU.ActiveCfg = Release|Any CPU
		{831E01BC-F4F2-44E3-AE5B-A171F4A028CE}.Release|Any CPU.Build.0 = Release|Any CPU
		{0AC5E1D6-4913-4A67-AC7E-E4E691E25013}.Debug|Any CPU.ActiveCfg = Debug|Any CPU
		{0AC5E1D6-4913-4A67-AC7E-E4E691E25013}.Debug|Any CPU.Build.0 = Debug|Any CPU
		{0AC5E1D6-4913-4A67-AC7E-E4E691E25013}.Release|Any CPU.ActiveCfg = Release|Any CPU
		{0AC5E1D6-4913-4A67-AC7E-E4E691E25013}.Release|Any CPU.Build.0 = Release|Any CPU
		{1CA80F6C-0261-4A43-BF96-D15E372FBDA3}.Debug|Any CPU.ActiveCfg = Debug|Any CPU
		{1CA80F6C-0261-4A43-BF96-D15E372FBDA3}.Debug|Any CPU.Build.0 = Debug|Any CPU
		{1CA80F6C-0261-4A43-BF96-D15E372FBDA3}.Release|Any CPU.ActiveCfg = Release|Any CPU
		{1CA80F6C-0261-4A43-BF96-D15E372FBDA3}.Release|Any CPU.Build.0 = Release|Any CPU
		{5F5403FC-219B-4D72-AF7E-2BF4E26F9EC4}.Debug|Any CPU.ActiveCfg = Debug|Any CPU
		{5F5403FC-219B-4D72-AF7E-2BF4E26F9EC4}.Debug|Any CPU.Build.0 = Debug|Any CPU
		{5F5403FC-219B-4D72-AF7E-2BF4E26F9EC4}.Release|Any CPU.ActiveCfg = Release|Any CPU
		{5F5403FC-219B-4D72-AF7E-2BF4E26F9EC4}.Release|Any CPU.Build.0 = Release|Any CPU
		{1EB8CDD8-C701-4B90-A766-7A9E660E2278}.Debug|Any CPU.ActiveCfg = Debug|Any CPU
		{1EB8CDD8-C701-4B90-A766-7A9E660E2278}.Debug|Any CPU.Build.0 = Debug|Any CPU
		{1EB8CDD8-C701-4B90-A766-7A9E660E2278}.Release|Any CPU.ActiveCfg = Release|Any CPU
		{1EB8CDD8-C701-4B90-A766-7A9E660E2278}.Release|Any CPU.Build.0 = Release|Any CPU
		{F3E20831-A3B5-4C08-95C8-E84F5858B0C7}.Debug|Any CPU.ActiveCfg = Debug|Any CPU
		{F3E20831-A3B5-4C08-95C8-E84F5858B0C7}.Debug|Any CPU.Build.0 = Debug|Any CPU
		{F3E20831-A3B5-4C08-95C8-E84F5858B0C7}.Release|Any CPU.ActiveCfg = Release|Any CPU
		{F3E20831-A3B5-4C08-95C8-E84F5858B0C7}.Release|Any CPU.Build.0 = Release|Any CPU
		{5F47AC99-30AD-4532-B995-610B16AE02B8}.Debug|Any CPU.ActiveCfg = Debug|Any CPU
		{5F47AC99-30AD-4532-B995-610B16AE02B8}.Debug|Any CPU.Build.0 = Debug|Any CPU
		{5F47AC99-30AD-4532-B995-610B16AE02B8}.Release|Any CPU.ActiveCfg = Release|Any CPU
		{5F47AC99-30AD-4532-B995-610B16AE02B8}.Release|Any CPU.Build.0 = Release|Any CPU
		{9642F6C1-0856-453B-9DF9-56EC85646C2E}.Debug|Any CPU.ActiveCfg = Debug|Any CPU
		{9642F6C1-0856-453B-9DF9-56EC85646C2E}.Debug|Any CPU.Build.0 = Debug|Any CPU
		{9642F6C1-0856-453B-9DF9-56EC85646C2E}.Release|Any CPU.ActiveCfg = Release|Any CPU
		{9642F6C1-0856-453B-9DF9-56EC85646C2E}.Release|Any CPU.Build.0 = Release|Any CPU
		{EFABFABD-CF84-4E2F-BEA8-8D65634A1DE2}.Debug|Any CPU.ActiveCfg = Debug|Any CPU
		{EFABFABD-CF84-4E2F-BEA8-8D65634A1DE2}.Debug|Any CPU.Build.0 = Debug|Any CPU
		{EFABFABD-CF84-4E2F-BEA8-8D65634A1DE2}.Release|Any CPU.ActiveCfg = Release|Any CPU
		{EFABFABD-CF84-4E2F-BEA8-8D65634A1DE2}.Release|Any CPU.Build.0 = Release|Any CPU
		{16C98CE8-B101-45A5-AE34-31069CB8A72E}.Debug|Any CPU.ActiveCfg = Debug|Any CPU
		{16C98CE8-B101-45A5-AE34-31069CB8A72E}.Debug|Any CPU.Build.0 = Debug|Any CPU
		{16C98CE8-B101-45A5-AE34-31069CB8A72E}.Release|Any CPU.ActiveCfg = Release|Any CPU
		{16C98CE8-B101-45A5-AE34-31069CB8A72E}.Release|Any CPU.Build.0 = Release|Any CPU
		{37B9A0ED-A83C-4137-A025-1DF8B22D0714}.Debug|Any CPU.ActiveCfg = Debug|Any CPU
		{37B9A0ED-A83C-4137-A025-1DF8B22D0714}.Debug|Any CPU.Build.0 = Debug|Any CPU
		{37B9A0ED-A83C-4137-A025-1DF8B22D0714}.Release|Any CPU.ActiveCfg = Release|Any CPU
		{37B9A0ED-A83C-4137-A025-1DF8B22D0714}.Release|Any CPU.Build.0 = Release|Any CPU
		{39C07ECC-CCBB-4072-BC29-323E36814697}.Debug|Any CPU.ActiveCfg = Debug|Any CPU
		{39C07ECC-CCBB-4072-BC29-323E36814697}.Debug|Any CPU.Build.0 = Debug|Any CPU
		{39C07ECC-CCBB-4072-BC29-323E36814697}.Release|Any CPU.ActiveCfg = Release|Any CPU
		{39C07ECC-CCBB-4072-BC29-323E36814697}.Release|Any CPU.Build.0 = Release|Any CPU
		{10C7DFFA-961C-4332-9C98-7AD1D8C6CCE2}.Debug|Any CPU.ActiveCfg = Debug|Any CPU
		{10C7DFFA-961C-4332-9C98-7AD1D8C6CCE2}.Debug|Any CPU.Build.0 = Debug|Any CPU
		{10C7DFFA-961C-4332-9C98-7AD1D8C6CCE2}.Release|Any CPU.ActiveCfg = Release|Any CPU
		{10C7DFFA-961C-4332-9C98-7AD1D8C6CCE2}.Release|Any CPU.Build.0 = Release|Any CPU
		{9FB49689-0FC3-47E5-B349-E970B82D4EF7}.Debug|Any CPU.ActiveCfg = Debug|Any CPU
		{9FB49689-0FC3-47E5-B349-E970B82D4EF7}.Debug|Any CPU.Build.0 = Debug|Any CPU
		{9FB49689-0FC3-47E5-B349-E970B82D4EF7}.Release|Any CPU.ActiveCfg = Release|Any CPU
		{9FB49689-0FC3-47E5-B349-E970B82D4EF7}.Release|Any CPU.Build.0 = Release|Any CPU
		{454A5A21-3196-46E6-83E4-E77F69115E52}.Debug|Any CPU.ActiveCfg = Debug|Any CPU
		{454A5A21-3196-46E6-83E4-E77F69115E52}.Debug|Any CPU.Build.0 = Debug|Any CPU
		{454A5A21-3196-46E6-83E4-E77F69115E52}.Release|Any CPU.ActiveCfg = Release|Any CPU
		{454A5A21-3196-46E6-83E4-E77F69115E52}.Release|Any CPU.Build.0 = Release|Any CPU
		{13F2AAC7-AF9D-4E1A-AC2D-86B011ED4450}.Debug|Any CPU.ActiveCfg = Debug|Any CPU
		{13F2AAC7-AF9D-4E1A-AC2D-86B011ED4450}.Debug|Any CPU.Build.0 = Debug|Any CPU
		{13F2AAC7-AF9D-4E1A-AC2D-86B011ED4450}.Release|Any CPU.ActiveCfg = Release|Any CPU
		{13F2AAC7-AF9D-4E1A-AC2D-86B011ED4450}.Release|Any CPU.Build.0 = Release|Any CPU
		{26CBA7C3-0483-4D51-892B-94792C44183E}.Debug|Any CPU.ActiveCfg = Debug|Any CPU
		{26CBA7C3-0483-4D51-892B-94792C44183E}.Debug|Any CPU.Build.0 = Debug|Any CPU
		{26CBA7C3-0483-4D51-892B-94792C44183E}.Release|Any CPU.ActiveCfg = Release|Any CPU
		{26CBA7C3-0483-4D51-892B-94792C44183E}.Release|Any CPU.Build.0 = Release|Any CPU
		{A65EA381-07DC-4893-88EE-3E2AE7AF35F1}.Debug|Any CPU.ActiveCfg = Debug|Any CPU
		{A65EA381-07DC-4893-88EE-3E2AE7AF35F1}.Debug|Any CPU.Build.0 = Debug|Any CPU
		{A65EA381-07DC-4893-88EE-3E2AE7AF35F1}.Release|Any CPU.ActiveCfg = Release|Any CPU
		{A65EA381-07DC-4893-88EE-3E2AE7AF35F1}.Release|Any CPU.Build.0 = Release|Any CPU
		{5977FCE6-4904-4C24-9991-4FE7A53DB8D5}.Debug|Any CPU.ActiveCfg = Debug|Any CPU
		{5977FCE6-4904-4C24-9991-4FE7A53DB8D5}.Debug|Any CPU.Build.0 = Debug|Any CPU
		{5977FCE6-4904-4C24-9991-4FE7A53DB8D5}.Release|Any CPU.ActiveCfg = Release|Any CPU
		{5977FCE6-4904-4C24-9991-4FE7A53DB8D5}.Release|Any CPU.Build.0 = Release|Any CPU
		{B77B31A5-4760-488B-9ED0-B97EC8E13DF6}.Debug|Any CPU.ActiveCfg = Debug|Any CPU
		{B77B31A5-4760-488B-9ED0-B97EC8E13DF6}.Debug|Any CPU.Build.0 = Debug|Any CPU
		{B77B31A5-4760-488B-9ED0-B97EC8E13DF6}.Release|Any CPU.ActiveCfg = Release|Any CPU
		{B77B31A5-4760-488B-9ED0-B97EC8E13DF6}.Release|Any CPU.Build.0 = Release|Any CPU
		{EB09EF4B-A08A-43F4-A9FA-502D0E7A8FC7}.Debug|Any CPU.ActiveCfg = Debug|Any CPU
		{EB09EF4B-A08A-43F4-A9FA-502D0E7A8FC7}.Debug|Any CPU.Build.0 = Debug|Any CPU
		{EB09EF4B-A08A-43F4-A9FA-502D0E7A8FC7}.Release|Any CPU.ActiveCfg = Release|Any CPU
		{EB09EF4B-A08A-43F4-A9FA-502D0E7A8FC7}.Release|Any CPU.Build.0 = Release|Any CPU
	EndGlobalSection
	GlobalSection(SolutionProperties) = preSolution
		HideSolutionNode = FALSE
	EndGlobalSection
	GlobalSection(NestedProjects) = preSolution
		{DB312248-D325-4521-8EE6-852CD9B44CAA} = {DE1BE141-BE1D-4C36-BF58-E4747EE33A30}
		{E5F0B27F-A8E8-4EA5-A319-844261448637} = {47FA2CFA-AE7F-4DC7-8C8A-965FB2FA12EE}
		{831E01BC-F4F2-44E3-AE5B-A171F4A028CE} = {DB312248-D325-4521-8EE6-852CD9B44CAA}
		{0AC5E1D6-4913-4A67-AC7E-E4E691E25013} = {DB312248-D325-4521-8EE6-852CD9B44CAA}
		{1CA80F6C-0261-4A43-BF96-D15E372FBDA3} = {DE1BE141-BE1D-4C36-BF58-E4747EE33A30}
		{5F5403FC-219B-4D72-AF7E-2BF4E26F9EC4} = {DE1BE141-BE1D-4C36-BF58-E4747EE33A30}
		{1EB8CDD8-C701-4B90-A766-7A9E660E2278} = {DE1BE141-BE1D-4C36-BF58-E4747EE33A30}
		{F3E20831-A3B5-4C08-95C8-E84F5858B0C7} = {47FA2CFA-AE7F-4DC7-8C8A-965FB2FA12EE}
		{5F47AC99-30AD-4532-B995-610B16AE02B8} = {DB312248-D325-4521-8EE6-852CD9B44CAA}
		{9642F6C1-0856-453B-9DF9-56EC85646C2E} = {DB312248-D325-4521-8EE6-852CD9B44CAA}
		{EFABFABD-CF84-4E2F-BEA8-8D65634A1DE2} = {DB312248-D325-4521-8EE6-852CD9B44CAA}
		{16C98CE8-B101-45A5-AE34-31069CB8A72E} = {DB312248-D325-4521-8EE6-852CD9B44CAA}
		{37B9A0ED-A83C-4137-A025-1DF8B22D0714} = {DB312248-D325-4521-8EE6-852CD9B44CAA}
		{39C07ECC-CCBB-4072-BC29-323E36814697} = {E5F0B27F-A8E8-4EA5-A319-844261448637}
		{10C7DFFA-961C-4332-9C98-7AD1D8C6CCE2} = {DB312248-D325-4521-8EE6-852CD9B44CAA}
		{9FB49689-0FC3-47E5-B349-E970B82D4EF7} = {DB312248-D325-4521-8EE6-852CD9B44CAA}
		{454A5A21-3196-46E6-83E4-E77F69115E52} = {E5F0B27F-A8E8-4EA5-A319-844261448637}
		{13F2AAC7-AF9D-4E1A-AC2D-86B011ED4450} = {DE1BE141-BE1D-4C36-BF58-E4747EE33A30}
		{26CBA7C3-0483-4D51-892B-94792C44183E} = {DE1BE141-BE1D-4C36-BF58-E4747EE33A30}
		{A65EA381-07DC-4893-88EE-3E2AE7AF35F1} = {E5F0B27F-A8E8-4EA5-A319-844261448637}
		{5977FCE6-4904-4C24-9991-4FE7A53DB8D5} = {E5F0B27F-A8E8-4EA5-A319-844261448637}
		{B77B31A5-4760-488B-9ED0-B97EC8E13DF6} = {DB312248-D325-4521-8EE6-852CD9B44CAA}
		{EB09EF4B-A08A-43F4-A9FA-502D0E7A8FC7} = {E5F0B27F-A8E8-4EA5-A319-844261448637}
	EndGlobalSection
EndGlobal
