
Microsoft Visual Studio Solution File, Format Version 12.00
# Visual Studio 14
VisualStudioVersion = 14.0.25420.1
MinimumVisualStudioVersion = 10.0.40219.1
Project("{2150E333-8FDC-42A3-9474-1A3956D46DE8}") = "src", "src", "{DE1BE141-BE1D-4C36-BF58-E4747EE33A30}"
EndProject
Project("{2150E333-8FDC-42A3-9474-1A3956D46DE8}") = "Solution Items", "Solution Items", "{AD1BE457-3E79-406B-9DB1-62AB74E17463}"
	ProjectSection(SolutionItems) = preProject
		global.json = global.json
	EndProjectSection
EndProject
Project("{2150E333-8FDC-42A3-9474-1A3956D46DE8}") = "Infrastructure", "Infrastructure", "{DB312248-D325-4521-8EE6-852CD9B44CAA}"
EndProject
Project("{8BB2217D-0F2D-49D1-97BC-3654ED321F3B}") = "Skeleton.Domain", "src\Infrastructure\Skeleton.Domain\Skeleton.Domain.xproj", "{EFABFABD-CF84-4E2F-BEA8-8D65634A1DE2}"
EndProject
Project("{8BB2217D-0F2D-49D1-97BC-3654ED321F3B}") = "Skeleton.Integrations", "src\Infrastructure\Skeleton.Integrations\Skeleton.Integrations.xproj", "{16C98CE8-B101-45A5-AE34-31069CB8A72E}"
EndProject
Project("{8BB2217D-0F2D-49D1-97BC-3654ED321F3B}") = "Skeleton.Web", "src\Infrastructure\Skeleton.Web\Skeleton.Web.xproj", "{831E01BC-F4F2-44E3-AE5B-A171F4A028CE}"
EndProject
Project("{8BB2217D-0F2D-49D1-97BC-3654ED321F3B}") = "Skeleton.Web.Testing", "src\Infrastructure\Skeleton.Web.Testing\Skeleton.Web.Testing.xproj", "{0AC5E1D6-4913-4A67-AC7E-E4E691E25013}"
EndProject
Project("{8BB2217D-0F2D-49D1-97BC-3654ED321F3B}") = "Web", "src\Web\Web.xproj", "{1CA80F6C-0261-4A43-BF96-D15E372FBDA3}"
EndProject
Project("{8BB2217D-0F2D-49D1-97BC-3654ED321F3B}") = "Web.Application", "src\Web.Application\Web.Application.xproj", "{5F5403FC-219B-4D72-AF7E-2BF4E26F9EC4}"
EndProject
Project("{8BB2217D-0F2D-49D1-97BC-3654ED321F3B}") = "Web.Client", "src\Web.Client\Web.Client.xproj", "{1EB8CDD8-C701-4B90-A766-7A9E660E2278}"
EndProject
Project("{2150E333-8FDC-42A3-9474-1A3956D46DE8}") = "test", "test", "{47FA2CFA-AE7F-4DC7-8C8A-965FB2FA12EE}"
EndProject
Project("{8BB2217D-0F2D-49D1-97BC-3654ED321F3B}") = "Web.Tests", "test\Web.Tests\Web.Tests.xproj", "{F3E20831-A3B5-4C08-95C8-E84F5858B0C7}"
EndProject
Global
	GlobalSection(SolutionConfigurationPlatforms) = preSolution
		Debug|Any CPU = Debug|Any CPU
		Release|Any CPU = Release|Any CPU
	EndGlobalSection
	GlobalSection(ProjectConfigurationPlatforms) = postSolution
		{EFABFABD-CF84-4E2F-BEA8-8D65634A1DE2}.Debug|Any CPU.ActiveCfg = Debug|Any CPU
		{EFABFABD-CF84-4E2F-BEA8-8D65634A1DE2}.Debug|Any CPU.Build.0 = Debug|Any CPU
		{EFABFABD-CF84-4E2F-BEA8-8D65634A1DE2}.Release|Any CPU.ActiveCfg = Release|Any CPU
		{EFABFABD-CF84-4E2F-BEA8-8D65634A1DE2}.Release|Any CPU.Build.0 = Release|Any CPU
		{16C98CE8-B101-45A5-AE34-31069CB8A72E}.Debug|Any CPU.ActiveCfg = Debug|Any CPU
		{16C98CE8-B101-45A5-AE34-31069CB8A72E}.Debug|Any CPU.Build.0 = Debug|Any CPU
		{16C98CE8-B101-45A5-AE34-31069CB8A72E}.Release|Any CPU.ActiveCfg = Release|Any CPU
		{16C98CE8-B101-45A5-AE34-31069CB8A72E}.Release|Any CPU.Build.0 = Release|Any CPU
		{831E01BC-F4F2-44E3-AE5B-A171F4A028CE}.Debug|Any CPU.ActiveCfg = Debug|Any CPU
		{831E01BC-F4F2-44E3-AE5B-A171F4A028CE}.Debug|Any CPU.Build.0 = Debug|Any CPU
		{831E01BC-F4F2-44E3-AE5B-A171F4A028CE}.Release|Any CPU.ActiveCfg = Release|Any CPU
		{831E01BC-F4F2-44E3-AE5B-A171F4A028CE}.Release|Any CPU.Build.0 = Release|Any CPU
		{0AC5E1D6-4913-4A67-AC7E-E4E691E25013}.Debug|Any CPU.ActiveCfg = Debug|Any CPU
		{0AC5E1D6-4913-4A67-AC7E-E4E691E25013}.Debug|Any CPU.Build.0 = Debug|Any CPU
		{0AC5E1D6-4913-4A67-AC7E-E4E691E25013}.Release|Any CPU.ActiveCfg = Release|Any CPU
		{0AC5E1D6-4913-4A67-AC7E-E4E691E25013}.Release|Any CPU.Build.0 = Release|Any CPU
		{1CA80F6C-0261-4A43-BF96-D15E372FBDA3}.Debug|Any CPU.ActiveCfg = Debug|Any CPU
		{1CA80F6C-0261-4A43-BF96-D15E372FBDA3}.Debug|Any CPU.Build.0 = Debug|Any CPU
		{1CA80F6C-0261-4A43-BF96-D15E372FBDA3}.Release|Any CPU.ActiveCfg = Release|Any CPU
		{1CA80F6C-0261-4A43-BF96-D15E372FBDA3}.Release|Any CPU.Build.0 = Release|Any CPU
		{5F5403FC-219B-4D72-AF7E-2BF4E26F9EC4}.Debug|Any CPU.ActiveCfg = Debug|Any CPU
		{5F5403FC-219B-4D72-AF7E-2BF4E26F9EC4}.Debug|Any CPU.Build.0 = Debug|Any CPU
		{5F5403FC-219B-4D72-AF7E-2BF4E26F9EC4}.Release|Any CPU.ActiveCfg = Release|Any CPU
		{5F5403FC-219B-4D72-AF7E-2BF4E26F9EC4}.Release|Any CPU.Build.0 = Release|Any CPU
		{1EB8CDD8-C701-4B90-A766-7A9E660E2278}.Debug|Any CPU.ActiveCfg = Debug|Any CPU
		{1EB8CDD8-C701-4B90-A766-7A9E660E2278}.Debug|Any CPU.Build.0 = Debug|Any CPU
		{1EB8CDD8-C701-4B90-A766-7A9E660E2278}.Release|Any CPU.ActiveCfg = Release|Any CPU
		{1EB8CDD8-C701-4B90-A766-7A9E660E2278}.Release|Any CPU.Build.0 = Release|Any CPU
		{F3E20831-A3B5-4C08-95C8-E84F5858B0C7}.Debug|Any CPU.ActiveCfg = Debug|Any CPU
		{F3E20831-A3B5-4C08-95C8-E84F5858B0C7}.Debug|Any CPU.Build.0 = Debug|Any CPU
		{F3E20831-A3B5-4C08-95C8-E84F5858B0C7}.Release|Any CPU.ActiveCfg = Release|Any CPU
		{F3E20831-A3B5-4C08-95C8-E84F5858B0C7}.Release|Any CPU.Build.0 = Release|Any CPU
	EndGlobalSection
	GlobalSection(SolutionProperties) = preSolution
		HideSolutionNode = FALSE
	EndGlobalSection
	GlobalSection(NestedProjects) = preSolution
		{DB312248-D325-4521-8EE6-852CD9B44CAA} = {DE1BE141-BE1D-4C36-BF58-E4747EE33A30}
		{EFABFABD-CF84-4E2F-BEA8-8D65634A1DE2} = {DB312248-D325-4521-8EE6-852CD9B44CAA}
		{16C98CE8-B101-45A5-AE34-31069CB8A72E} = {DB312248-D325-4521-8EE6-852CD9B44CAA}
		{831E01BC-F4F2-44E3-AE5B-A171F4A028CE} = {DB312248-D325-4521-8EE6-852CD9B44CAA}
		{0AC5E1D6-4913-4A67-AC7E-E4E691E25013} = {DB312248-D325-4521-8EE6-852CD9B44CAA}
		{1CA80F6C-0261-4A43-BF96-D15E372FBDA3} = {DE1BE141-BE1D-4C36-BF58-E4747EE33A30}
		{5F5403FC-219B-4D72-AF7E-2BF4E26F9EC4} = {DE1BE141-BE1D-4C36-BF58-E4747EE33A30}
		{1EB8CDD8-C701-4B90-A766-7A9E660E2278} = {DE1BE141-BE1D-4C36-BF58-E4747EE33A30}
		{F3E20831-A3B5-4C08-95C8-E84F5858B0C7} = {47FA2CFA-AE7F-4DC7-8C8A-965FB2FA12EE}
	EndGlobalSection
EndGlobal
